
Microsoft Visual Studio Solution File, Format Version 12.00
# Visual Studio 15
VisualStudioVersion = 15.0.27130.2026
MinimumVisualStudioVersion = 10.0.40219.1
Project("{FAE04EC0-301F-11D3-BF4B-00C04F79EFBC}") = "Sandbox", "Sandbox\Sandbox.csproj", "{5C2CEB96-AA3D-4315-B5AC-2C3B282C5B74}"
EndProject
Project("{FAE04EC0-301F-11D3-BF4B-00C04F79EFBC}") = "SGP.NET", "SGP.NET\SGP.NET.csproj", "{A8C667B9-1875-4083-829D-72566A69C0F6}"
EndProject
Global
	GlobalSection(SolutionConfigurationPlatforms) = preSolution
		Debug|Any CPU = Debug|Any CPU
		Release|Any CPU = Release|Any CPU
	EndGlobalSection
	GlobalSection(ProjectConfigurationPlatforms) = postSolution
		{5C2CEB96-AA3D-4315-B5AC-2C3B282C5B74}.Debug|Any CPU.ActiveCfg = Debug|Any CPU
		{5C2CEB96-AA3D-4315-B5AC-2C3B282C5B74}.Debug|Any CPU.Build.0 = Debug|Any CPU
		{5C2CEB96-AA3D-4315-B5AC-2C3B282C5B74}.Release|Any CPU.ActiveCfg = Release|Any CPU
		{5C2CEB96-AA3D-4315-B5AC-2C3B282C5B74}.Release|Any CPU.Build.0 = Release|Any CPU
		{A8C667B9-1875-4083-829D-72566A69C0F6}.Debug|Any CPU.ActiveCfg = Debug|Any CPU
		{A8C667B9-1875-4083-829D-72566A69C0F6}.Debug|Any CPU.Build.0 = Debug|Any CPU
		{A8C667B9-1875-4083-829D-72566A69C0F6}.Release|Any CPU.ActiveCfg = Release|Any CPU
		{A8C667B9-1875-4083-829D-72566A69C0F6}.Release|Any CPU.Build.0 = Release|Any CPU
	EndGlobalSection
	GlobalSection(SolutionProperties) = preSolution
		HideSolutionNode = FALSE
	EndGlobalSection
	GlobalSection(ExtensibilityGlobals) = postSolution
		SolutionGuid = {24A94A29-3E4B-4EB9-A36F-CBB89EDDDD58}
	EndGlobalSection
EndGlobal
